// !$*UTF8*$!
{
	archiveVersion = 1;
	classes = {
	};
	objectVersion = 46;
	objects = {

/* Begin PBXBuildFile section */
		E9A58D991D03F7A30095C31C /* AppDelegate.swift in Sources */ = {isa = PBXBuildFile; fileRef = E9A58D981D03F7A30095C31C /* AppDelegate.swift */; };
		E9A58D9B1D03F7A30095C31C /* ViewController.swift in Sources */ = {isa = PBXBuildFile; fileRef = E9A58D9A1D03F7A30095C31C /* ViewController.swift */; };
		E9A58D9E1D03F7A30095C31C /* Main.storyboard in Resources */ = {isa = PBXBuildFile; fileRef = E9A58D9C1D03F7A30095C31C /* Main.storyboard */; };
		E9A58DA01D03F7A30095C31C /* Assets.xcassets in Resources */ = {isa = PBXBuildFile; fileRef = E9A58D9F1D03F7A30095C31C /* Assets.xcassets */; };
		E9A58DA31D03F7A30095C31C /* LaunchScreen.storyboard in Resources */ = {isa = PBXBuildFile; fileRef = E9A58DA11D03F7A30095C31C /* LaunchScreen.storyboard */; };
		E9A58DAE1D03F7A30095C31C /* CalculatorTests.swift in Sources */ = {isa = PBXBuildFile; fileRef = E9A58DAD1D03F7A30095C31C /* CalculatorTests.swift */; };
		E9A58DB91D03F7A30095C31C /* CalculatorUITests.swift in Sources */ = {isa = PBXBuildFile; fileRef = E9A58DB81D03F7A30095C31C /* CalculatorUITests.swift */; };
/* End PBXBuildFile section */

/* Begin PBXContainerItemProxy section */
		E9A58DAA1D03F7A30095C31C /* PBXContainerItemProxy */ = {
			isa = PBXContainerItemProxy;
			containerPortal = E9A58D8D1D03F7A30095C31C /* Project object */;
			proxyType = 1;
			remoteGlobalIDString = E9A58D941D03F7A30095C31C;
			remoteInfo = Calculator;
		};
		E9A58DB51D03F7A30095C31C /* PBXContainerItemProxy */ = {
			isa = PBXContainerItemProxy;
			containerPortal = E9A58D8D1D03F7A30095C31C /* Project object */;
			proxyType = 1;
			remoteGlobalIDString = E9A58D941D03F7A30095C31C;
			remoteInfo = Calculator;
		};
/* End PBXContainerItemProxy section */

/* Begin PBXFileReference section */
		E9A58D951D03F7A30095C31C /* Calculator.app */ = {isa = PBXFileReference; explicitFileType = wrapper.application; includeInIndex = 0; path = Calculator.app; sourceTree = BUILT_PRODUCTS_DIR; };
		E9A58D981D03F7A30095C31C /* AppDelegate.swift */ = {isa = PBXFileReference; lastKnownFileType = sourcecode.swift; path = AppDelegate.swift; sourceTree = "<group>"; };
		E9A58D9A1D03F7A30095C31C /* ViewController.swift */ = {isa = PBXFileReference; lastKnownFileType = sourcecode.swift; path = ViewController.swift; sourceTree = "<group>"; };
		E9A58D9D1D03F7A30095C31C /* Base */ = {isa = PBXFileReference; lastKnownFileType = file.storyboard; name = Base; path = Base.lproj/Main.storyboard; sourceTree = "<group>"; };
		E9A58D9F1D03F7A30095C31C /* Assets.xcassets */ = {isa = PBXFileReference; lastKnownFileType = folder.assetcatalog; path = Assets.xcassets; sourceTree = "<group>"; };
		E9A58DA21D03F7A30095C31C /* Base */ = {isa = PBXFileReference; lastKnownFileType = file.storyboard; name = Base; path = Base.lproj/LaunchScreen.storyboard; sourceTree = "<group>"; };
		E9A58DA41D03F7A30095C31C /* Info.plist */ = {isa = PBXFileReference; lastKnownFileType = text.plist.xml; path = Info.plist; sourceTree = "<group>"; };
		E9A58DA91D03F7A30095C31C /* CalculatorTests.xctest */ = {isa = PBXFileReference; explicitFileType = wrapper.cfbundle; includeInIndex = 0; path = CalculatorTests.xctest; sourceTree = BUILT_PRODUCTS_DIR; };
		E9A58DAD1D03F7A30095C31C /* CalculatorTests.swift */ = {isa = PBXFileReference; lastKnownFileType = sourcecode.swift; path = CalculatorTests.swift; sourceTree = "<group>"; };
		E9A58DAF1D03F7A30095C31C /* Info.plist */ = {isa = PBXFileReference; lastKnownFileType = text.plist.xml; path = Info.plist; sourceTree = "<group>"; };
		E9A58DB41D03F7A30095C31C /* CalculatorUITests.xctest */ = {isa = PBXFileReference; explicitFileType = wrapper.cfbundle; includeInIndex = 0; path = CalculatorUITests.xctest; sourceTree = BUILT_PRODUCTS_DIR; };
		E9A58DB81D03F7A30095C31C /* CalculatorUITests.swift */ = {isa = PBXFileReference; lastKnownFileType = sourcecode.swift; path = CalculatorUITests.swift; sourceTree = "<group>"; };
		E9A58DBA1D03F7A30095C31C /* Info.plist */ = {isa = PBXFileReference; lastKnownFileType = text.plist.xml; path = Info.plist; sourceTree = "<group>"; };
/* End PBXFileReference section */

/* Begin PBXFrameworksBuildPhase section */
		E9A58D921D03F7A30095C31C /* Frameworks */ = {
			isa = PBXFrameworksBuildPhase;
			buildActionMask = 2147483647;
			files = (
			);
			runOnlyForDeploymentPostprocessing = 0;
		};
		E9A58DA61D03F7A30095C31C /* Frameworks */ = {
			isa = PBXFrameworksBuildPhase;
			buildActionMask = 2147483647;
			files = (
			);
			runOnlyForDeploymentPostprocessing = 0;
		};
		E9A58DB11D03F7A30095C31C /* Frameworks */ = {
			isa = PBXFrameworksBuildPhase;
			buildActionMask = 2147483647;
			files = (
			);
			runOnlyForDeploymentPostprocessing = 0;
		};
/* End PBXFrameworksBuildPhase section */

/* Begin PBXGroup section */
		E9A58D8C1D03F7A30095C31C = {
			isa = PBXGroup;
			children = (
				E9A58D971D03F7A30095C31C /* Calculator */,
				E9A58DAC1D03F7A30095C31C /* CalculatorTests */,
				E9A58DB71D03F7A30095C31C /* CalculatorUITests */,
				E9A58D961D03F7A30095C31C /* Products */,
			);
			sourceTree = "<group>";
		};
		E9A58D961D03F7A30095C31C /* Products */ = {
			isa = PBXGroup;
			children = (
				E9A58D951D03F7A30095C31C /* Calculator.app */,
				E9A58DA91D03F7A30095C31C /* CalculatorTests.xctest */,
				E9A58DB41D03F7A30095C31C /* CalculatorUITests.xctest */,
			);
			name = Products;
			sourceTree = "<group>";
		};
		E9A58D971D03F7A30095C31C /* Calculator */ = {
			isa = PBXGroup;
			children = (
				E9A58D981D03F7A30095C31C /* AppDelegate.swift */,
				E9A58D9A1D03F7A30095C31C /* ViewController.swift */,
				E9A58D9C1D03F7A30095C31C /* Main.storyboard */,
				E9A58D9F1D03F7A30095C31C /* Assets.xcassets */,
				E9A58DA11D03F7A30095C31C /* LaunchScreen.storyboard */,
				E9A58DA41D03F7A30095C31C /* Info.plist */,
			);
			path = Calculator;
			sourceTree = "<group>";
		};
		E9A58DAC1D03F7A30095C31C /* CalculatorTests */ = {
			isa = PBXGroup;
			children = (
				E9A58DAD1D03F7A30095C31C /* CalculatorTests.swift */,
				E9A58DAF1D03F7A30095C31C /* Info.plist */,
			);
			path = CalculatorTests;
			sourceTree = "<group>";
		};
		E9A58DB71D03F7A30095C31C /* CalculatorUITests */ = {
			isa = PBXGroup;
			children = (
				E9A58DB81D03F7A30095C31C /* CalculatorUITests.swift */,
				E9A58DBA1D03F7A30095C31C /* Info.plist */,
			);
			path = CalculatorUITests;
			sourceTree = "<group>";
		};
/* End PBXGroup section */

/* Begin PBXNativeTarget section */
		E9A58D941D03F7A30095C31C /* Calculator */ = {
			isa = PBXNativeTarget;
			buildConfigurationList = E9A58DBD1D03F7A30095C31C /* Build configuration list for PBXNativeTarget "Calculator" */;
			buildPhases = (
				E9A58D911D03F7A30095C31C /* Sources */,
				E9A58D921D03F7A30095C31C /* Frameworks */,
				E9A58D931D03F7A30095C31C /* Resources */,
			);
			buildRules = (
			);
			dependencies = (
			);
			name = Calculator;
			productName = Calculator;
			productReference = E9A58D951D03F7A30095C31C /* Calculator.app */;
			productType = "com.apple.product-type.application";
		};
		E9A58DA81D03F7A30095C31C /* CalculatorTests */ = {
			isa = PBXNativeTarget;
			buildConfigurationList = E9A58DC01D03F7A30095C31C /* Build configuration list for PBXNativeTarget "CalculatorTests" */;
			buildPhases = (
				E9A58DA51D03F7A30095C31C /* Sources */,
				E9A58DA61D03F7A30095C31C /* Frameworks */,
				E9A58DA71D03F7A30095C31C /* Resources */,
			);
			buildRules = (
			);
			dependencies = (
				E9A58DAB1D03F7A30095C31C /* PBXTargetDependency */,
			);
			name = CalculatorTests;
			productName = CalculatorTests;
			productReference = E9A58DA91D03F7A30095C31C /* CalculatorTests.xctest */;
			productType = "com.apple.product-type.bundle.unit-test";
		};
		E9A58DB31D03F7A30095C31C /* CalculatorUITests */ = {
			isa = PBXNativeTarget;
			buildConfigurationList = E9A58DC31D03F7A30095C31C /* Build configuration list for PBXNativeTarget "CalculatorUITests" */;
			buildPhases = (
				E9A58DB01D03F7A30095C31C /* Sources */,
				E9A58DB11D03F7A30095C31C /* Frameworks */,
				E9A58DB21D03F7A30095C31C /* Resources */,
			);
			buildRules = (
			);
			dependencies = (
				E9A58DB61D03F7A30095C31C /* PBXTargetDependency */,
			);
			name = CalculatorUITests;
			productName = CalculatorUITests;
			productReference = E9A58DB41D03F7A30095C31C /* CalculatorUITests.xctest */;
			productType = "com.apple.product-type.bundle.ui-testing";
		};
/* End PBXNativeTarget section */

/* Begin PBXProject section */
		E9A58D8D1D03F7A30095C31C /* Project object */ = {
			isa = PBXProject;
			attributes = {
				LastSwiftUpdateCheck = 0730;
				LastUpgradeCheck = 0730;
				ORGANIZATIONNAME = Minami;
				TargetAttributes = {
					E9A58D941D03F7A30095C31C = {
						CreatedOnToolsVersion = 7.3.1;
					};
					E9A58DA81D03F7A30095C31C = {
						CreatedOnToolsVersion = 7.3.1;
						TestTargetID = E9A58D941D03F7A30095C31C;
					};
					E9A58DB31D03F7A30095C31C = {
						CreatedOnToolsVersion = 7.3.1;
						TestTargetID = E9A58D941D03F7A30095C31C;
					};
				};
			};
			buildConfigurationList = E9A58D901D03F7A30095C31C /* Build configuration list for PBXProject "Calculator" */;
			compatibilityVersion = "Xcode 3.2";
			developmentRegion = English;
			hasScannedForEncodings = 0;
			knownRegions = (
				en,
				Base,
			);
			mainGroup = E9A58D8C1D03F7A30095C31C;
			productRefGroup = E9A58D961D03F7A30095C31C /* Products */;
			projectDirPath = "";
			projectRoot = "";
			targets = (
				E9A58D941D03F7A30095C31C /* Calculator */,
				E9A58DA81D03F7A30095C31C /* CalculatorTests */,
				E9A58DB31D03F7A30095C31C /* CalculatorUITests */,
			);
		};
/* End PBXProject section */

/* Begin PBXResourcesBuildPhase section */
		E9A58D931D03F7A30095C31C /* Resources */ = {
			isa = PBXResourcesBuildPhase;
			buildActionMask = 2147483647;
			files = (
				E9A58DA31D03F7A30095C31C /* LaunchScreen.storyboard in Resources */,
				E9A58DA01D03F7A30095C31C /* Assets.xcassets in Resources */,
				E9A58D9E1D03F7A30095C31C /* Main.storyboard in Resources */,
			);
			runOnlyForDeploymentPostprocessing = 0;
		};
		E9A58DA71D03F7A30095C31C /* Resources */ = {
			isa = PBXResourcesBuildPhase;
			buildActionMask = 2147483647;
			files = (
			);
			runOnlyForDeploymentPostprocessing = 0;
		};
		E9A58DB21D03F7A30095C31C /* Resources */ = {
			isa = PBXResourcesBuildPhase;
			buildActionMask = 2147483647;
			files = (
			);
			runOnlyForDeploymentPostprocessing = 0;
		};
/* End PBXResourcesBuildPhase section */

/* Begin PBXSourcesBuildPhase section */
		E9A58D911D03F7A30095C31C /* Sources */ = {
			isa = PBXSourcesBuildPhase;
			buildActionMask = 2147483647;
			files = (
				E9A58D9B1D03F7A30095C31C /* ViewController.swift in Sources */,
				E9A58D991D03F7A30095C31C /* AppDelegate.swift in Sources */,
			);
			runOnlyForDeploymentPostprocessing = 0;
		};
		E9A58DA51D03F7A30095C31C /* Sources */ = {
			isa = PBXSourcesBuildPhase;
			buildActionMask = 2147483647;
			files = (
				E9A58DAE1D03F7A30095C31C /* CalculatorTests.swift in Sources */,
			);
			runOnlyForDeploymentPostprocessing = 0;
		};
		E9A58DB01D03F7A30095C31C /* Sources */ = {
			isa = PBXSourcesBuildPhase;
			buildActionMask = 2147483647;
			files = (
				E9A58DB91D03F7A30095C31C /* CalculatorUITests.swift in Sources */,
			);
			runOnlyForDeploymentPostprocessing = 0;
		};
/* End PBXSourcesBuildPhase section */

/* Begin PBXTargetDependency section */
		E9A58DAB1D03F7A30095C31C /* PBXTargetDependency */ = {
			isa = PBXTargetDependency;
			target = E9A58D941D03F7A30095C31C /* Calculator */;
			targetProxy = E9A58DAA1D03F7A30095C31C /* PBXContainerItemProxy */;
		};
		E9A58DB61D03F7A30095C31C /* PBXTargetDependency */ = {
			isa = PBXTargetDependency;
			target = E9A58D941D03F7A30095C31C /* Calculator */;
			targetProxy = E9A58DB51D03F7A30095C31C /* PBXContainerItemProxy */;
		};
/* End PBXTargetDependency section */

/* Begin PBXVariantGroup section */
		E9A58D9C1D03F7A30095C31C /* Main.storyboard */ = {
			isa = PBXVariantGroup;
			children = (
				E9A58D9D1D03F7A30095C31C /* Base */,
			);
			name = Main.storyboard;
			sourceTree = "<group>";
		};
		E9A58DA11D03F7A30095C31C /* LaunchScreen.storyboard */ = {
			isa = PBXVariantGroup;
			children = (
				E9A58DA21D03F7A30095C31C /* Base */,
			);
			name = LaunchScreen.storyboard;
			sourceTree = "<group>";
		};
/* End PBXVariantGroup section */

/* Begin XCBuildConfiguration section */
		E9A58DBB1D03F7A30095C31C /* Debug */ = {
			isa = XCBuildConfiguration;
			buildSettings = {
				ALWAYS_SEARCH_USER_PATHS = NO;
				CLANG_ANALYZER_NONNULL = YES;
				CLANG_CXX_LANGUAGE_STANDARD = "gnu++0x";
				CLANG_CXX_LIBRARY = "libc++";
				CLANG_ENABLE_MODULES = YES;
				CLANG_ENABLE_OBJC_ARC = YES;
				CLANG_WARN_BOOL_CONVERSION = YES;
				CLANG_WARN_CONSTANT_CONVERSION = YES;
				CLANG_WARN_DIRECT_OBJC_ISA_USAGE = YES_ERROR;
				CLANG_WARN_EMPTY_BODY = YES;
				CLANG_WARN_ENUM_CONVERSION = YES;
				CLANG_WARN_INT_CONVERSION = YES;
				CLANG_WARN_OBJC_ROOT_CLASS = YES_ERROR;
				CLANG_WARN_UNREACHABLE_CODE = YES;
				CLANG_WARN__DUPLICATE_METHOD_MATCH = YES;
				"CODE_SIGN_IDENTITY[sdk=iphoneos*]" = "iPhone Developer";
				COPY_PHASE_STRIP = NO;
				DEBUG_INFORMATION_FORMAT = dwarf;
				ENABLE_STRICT_OBJC_MSGSEND = YES;
				ENABLE_TESTABILITY = YES;
				GCC_C_LANGUAGE_STANDARD = gnu99;
				GCC_DYNAMIC_NO_PIC = NO;
				GCC_NO_COMMON_BLOCKS = YES;
				GCC_OPTIMIZATION_LEVEL = 0;
				GCC_PREPROCESSOR_DEFINITIONS = (
					"DEBUG=1",
					"$(inherited)",
				);
				GCC_WARN_64_TO_32_BIT_CONVERSION = YES;
				GCC_WARN_ABOUT_RETURN_TYPE = YES_ERROR;
				GCC_WARN_UNDECLARED_SELECTOR = YES;
				GCC_WARN_UNINITIALIZED_AUTOS = YES_AGGRESSIVE;
				GCC_WARN_UNUSED_FUNCTION = YES;
				GCC_WARN_UNUSED_VARIABLE = YES;
				IPHONEOS_DEPLOYMENT_TARGET = 9.3;
				MTL_ENABLE_DEBUG_INFO = YES;
				ONLY_ACTIVE_ARCH = YES;
				SDKROOT = iphoneos;
				SWIFT_OPTIMIZATION_LEVEL = "-Onone";
				TARGETED_DEVICE_FAMILY = "1,2";
			};
			name = Debug;
		};
		E9A58DBC1D03F7A30095C31C /* Release */ = {
			isa = XCBuildConfiguration;
			buildSettings = {
				ALWAYS_SEARCH_USER_PATHS = NO;
				CLANG_ANALYZER_NONNULL = YES;
				CLANG_CXX_LANGUAGE_STANDARD = "gnu++0x";
				CLANG_CXX_LIBRARY = "libc++";
				CLANG_ENABLE_MODULES = YES;
				CLANG_ENABLE_OBJC_ARC = YES;
				CLANG_WARN_BOOL_CONVERSION = YES;
				CLANG_WARN_CONSTANT_CONVERSION = YES;
				CLANG_WARN_DIRECT_OBJC_ISA_USAGE = YES_ERROR;
				CLANG_WARN_EMPTY_BODY = YES;
				CLANG_WARN_ENUM_CONVERSION = YES;
				CLANG_WARN_INT_CONVERSION = YES;
				CLANG_WARN_OBJC_ROOT_CLASS = YES_ERROR;
				CLANG_WARN_UNREACHABLE_CODE = YES;
				CLANG_WARN__DUPLICATE_METHOD_MATCH = YES;
				"CODE_SIGN_IDENTITY[sdk=iphoneos*]" = "iPhone Developer";
				COPY_PHASE_STRIP = NO;
				DEBUG_INFORMATION_FORMAT = "dwarf-with-dsym";
				ENABLE_NS_ASSERTIONS = NO;
				ENABLE_STRICT_OBJC_MSGSEND = YES;
				GCC_C_LANGUAGE_STANDARD = gnu99;
				GCC_NO_COMMON_BLOCKS = YES;
				GCC_WARN_64_TO_32_BIT_CONVERSION = YES;
				GCC_WARN_ABOUT_RETURN_TYPE = YES_ERROR;
				GCC_WARN_UNDECLARED_SELECTOR = YES;
				GCC_WARN_UNINITIALIZED_AUTOS = YES_AGGRESSIVE;
				GCC_WARN_UNUSED_FUNCTION = YES;
				GCC_WARN_UNUSED_VARIABLE = YES;
				IPHONEOS_DEPLOYMENT_TARGET = 9.3;
				MTL_ENABLE_DEBUG_INFO = NO;
				SDKROOT = iphoneos;
				TARGETED_DEVICE_FAMILY = "1,2";
				VALIDATE_PRODUCT = YES;
			};
			name = Release;
		};
		E9A58DBE1D03F7A30095C31C /* Debug */ = {
			isa = XCBuildConfiguration;
			buildSettings = {
				ASSETCATALOG_COMPILER_APPICON_NAME = AppIcon;
				INFOPLIST_FILE = Calculator/Info.plist;
				LD_RUNPATH_SEARCH_PATHS = "$(inherited) @executable_path/Frameworks";
				PRODUCT_BUNDLE_IDENTIFIER = Iori.Calculator;
				PRODUCT_NAME = "$(TARGET_NAME)";
			};
			name = Debug;
		};
		E9A58DBF1D03F7A30095C31C /* Release */ = {
			isa = XCBuildConfiguration;
			buildSettings = {
				ASSETCATALOG_COMPILER_APPICON_NAME = AppIcon;
				INFOPLIST_FILE = Calculator/Info.plist;
				LD_RUNPATH_SEARCH_PATHS = "$(inherited) @executable_path/Frameworks";
				PRODUCT_BUNDLE_IDENTIFIER = Iori.Calculator;
				PRODUCT_NAME = "$(TARGET_NAME)";
			};
			name = Release;
		};
		E9A58DC11D03F7A30095C31C /* Debug */ = {
			isa = XCBuildConfiguration;
			buildSettings = {
				BUNDLE_LOADER = "$(TEST_HOST)";
				INFOPLIST_FILE = CalculatorTests/Info.plist;
				LD_RUNPATH_SEARCH_PATHS = "$(inherited) @executable_path/Frameworks @loader_path/Frameworks";
				PRODUCT_BUNDLE_IDENTIFIER = Iori.CalculatorTests;
				PRODUCT_NAME = "$(TARGET_NAME)";
				TEST_HOST = "$(BUILT_PRODUCTS_DIR)/Calculator.app/Calculator";
			};
			name = Debug;
		};
		E9A58DC21D03F7A30095C31C /* Release */ = {
			isa = XCBuildConfiguration;
			buildSettings = {
				BUNDLE_LOADER = "$(TEST_HOST)";
				INFOPLIST_FILE = CalculatorTests/Info.plist;
				LD_RUNPATH_SEARCH_PATHS = "$(inherited) @executable_path/Frameworks @loader_path/Frameworks";
				PRODUCT_BUNDLE_IDENTIFIER = Iori.CalculatorTests;
				PRODUCT_NAME = "$(TARGET_NAME)";
				TEST_HOST = "$(BUILT_PRODUCTS_DIR)/Calculator.app/Calculator";
			};
			name = Release;
		};
		E9A58DC41D03F7A30095C31C /* Debug */ = {
			isa = XCBuildConfiguration;
			buildSettings = {
				INFOPLIST_FILE = CalculatorUITests/Info.plist;
				LD_RUNPATH_SEARCH_PATHS = "$(inherited) @executable_path/Frameworks @loader_path/Frameworks";
				PRODUCT_BUNDLE_IDENTIFIER = Iori.CalculatorUITests;
				PRODUCT_NAME = "$(TARGET_NAME)";
				TEST_TARGET_NAME = Calculator;
			};
			name = Debug;
		};
		E9A58DC51D03F7A30095C31C /* Release */ = {
			isa = XCBuildConfiguration;
			buildSettings = {
				INFOPLIST_FILE = CalculatorUITests/Info.plist;
				LD_RUNPATH_SEARCH_PATHS = "$(inherited) @executable_path/Frameworks @loader_path/Frameworks";
				PRODUCT_BUNDLE_IDENTIFIER = Iori.CalculatorUITests;
				PRODUCT_NAME = "$(TARGET_NAME)";
				TEST_TARGET_NAME = Calculator;
			};
			name = Release;
		};
/* End XCBuildConfiguration section */

/* Begin XCConfigurationList section */
		E9A58D901D03F7A30095C31C /* Build configuration list for PBXProject "Calculator" */ = {
			isa = XCConfigurationList;
			buildConfigurations = (
				E9A58DBB1D03F7A30095C31C /* Debug */,
				E9A58DBC1D03F7A30095C31C /* Release */,
			);
			defaultConfigurationIsVisible = 0;
			defaultConfigurationName = Release;
		};
		E9A58DBD1D03F7A30095C31C /* Build configuration list for PBXNativeTarget "Calculator" */ = {
			isa = XCConfigurationList;
			buildConfigurations = (
				E9A58DBE1D03F7A30095C31C /* Debug */,
				E9A58DBF1D03F7A30095C31C /* Release */,
			);
			defaultConfigurationIsVisible = 0;
		};
		E9A58DC01D03F7A30095C31C /* Build configuration list for PBXNativeTarget "CalculatorTests" */ = {
			isa = XCConfigurationList;
			buildConfigurations = (
				E9A58DC11D03F7A30095C31C /* Debug */,
				E9A58DC21D03F7A30095C31C /* Release */,
			);
			defaultConfigurationIsVisible = 0;
		};
		E9A58DC31D03F7A30095C31C /* Build configuration list for PBXNativeTarget "CalculatorUITests" */ = {
			isa = XCConfigurationList;
			buildConfigurations = (
				E9A58DC41D03F7A30095C31C /* Debug */,
				E9A58DC51D03F7A30095C31C /* Release */,
			);
			defaultConfigurationIsVisible = 0;
		};
/* End XCConfigurationList section */
	};
	rootObject = E9A58D8D1D03F7A30095C31C /* Project object */;
}
